
Microsoft Visual Studio Solution File, Format Version 12.00
# Visual Studio Version 16
VisualStudioVersion = 16.0.29613.14
MinimumVisualStudioVersion = 10.0.40219.1
Project("{FAE04EC0-301F-11D3-BF4B-00C04F79EFBC}") = "CombatTargeting", "CombatTargeting\CombatTargeting.csproj", "{02D0757F-82DF-4FC3-A3A8-BBB208053172}"
EndProject
Global
	GlobalSection(SolutionConfigurationPlatforms) = preSolution
		Debug|Any CPU = Debug|Any CPU
		Release|Any CPU = Release|Any CPU
	EndGlobalSection
	GlobalSection(ProjectConfigurationPlatforms) = postSolution
		{02D0757F-82DF-4FC3-A3A8-BBB208053172}.Debug|Any CPU.ActiveCfg = Debug|Any CPU
		{02D0757F-82DF-4FC3-A3A8-BBB208053172}.Debug|Any CPU.Build.0 = Debug|Any CPU
		{02D0757F-82DF-4FC3-A3A8-BBB208053172}.Release|Any CPU.ActiveCfg = Release|Any CPU
		{02D0757F-82DF-4FC3-A3A8-BBB208053172}.Release|Any CPU.Build.0 = Release|Any CPU
	EndGlobalSection
	GlobalSection(SolutionProperties) = preSolution
		HideSolutionNode = FALSE
	EndGlobalSection
	GlobalSection(ExtensibilityGlobals) = postSolution
		SolutionGuid = {C1339A5B-D900-4192-ACBF-2B4C2068BFAF}
	EndGlobalSection
EndGlobal
